<?xml version="1.0" encoding="utf-8"?>
<Project ToolsVersion="4.0" xmlns="http://schemas.microsoft.com/developer/msbuild/2003">
  <ItemGroup>
    <Filter Include="framework">
      <UniqueIdentifier>{048441ff-54d3-4bba-b608-237b2f931c7d}</UniqueIdentifier>
    </Filter>
    <Filter Include="framework\component">
      <UniqueIdentifier>{e7845678-6e76-4ecb-8444-03aa788bc796}</UniqueIdentifier>
    </Filter>
    <Filter Include="framework\system">
      <UniqueIdentifier>{35eb12e1-0731-47c9-8924-a9f3bd4b96e0}</UniqueIdentifier>
    </Filter>
    <Filter Include="framework\component\base">
      <UniqueIdentifier>{42a7786d-5fa0-4c97-8460-5036398bf048}</UniqueIdentifier>
    </Filter>
    <Filter Include="framework\component\derivations">
      <UniqueIdentifier>{6b00503d-b94f-4ac5-becf-254c5dc9b5e8}</UniqueIdentifier>
    </Filter>
    <Filter Include="framework\entity">
      <UniqueIdentifier>{1389d1d8-5bba-4181-97cf-dd8cf0eb6bcd}</UniqueIdentifier>
    </Filter>
    <Filter Include="framework\allegro">
      <UniqueIdentifier>{775b3379-870f-402d-941b-99f554557d33}</UniqueIdentifier>
    </Filter>
    <Filter Include="framework\system\base">
      <UniqueIdentifier>{7e475745-c172-42dd-9a1d-7826282fa4e2}</UniqueIdentifier>
    </Filter>
    <Filter Include="framework\system\derivations">
      <UniqueIdentifier>{8cdf6479-5729-427c-a6ef-4e66af36d426}</UniqueIdentifier>
    </Filter>
    <Filter Include="framework\managers">
      <UniqueIdentifier>{d4be1b6a-8e95-426b-b3dc-7d37bcb9e7bd}</UniqueIdentifier>
    </Filter>
    <Filter Include="framework\managers\entityMgr">
      <UniqueIdentifier>{73edc7df-8cb6-4ab1-b1fd-af1845ff5dd5}</UniqueIdentifier>
    </Filter>
    <Filter Include="framework\networking">
      <UniqueIdentifier>{a508dd54-31ae-4be8-a525-c24d31a7cf48}</UniqueIdentifier>
    </Filter>
    <Filter Include="framework\managers\inputMgr">
      <UniqueIdentifier>{abe7d686-2590-405d-b000-fb044f4c4cd6}</UniqueIdentifier>
    </Filter>
    <Filter Include="game">
      <UniqueIdentifier>{36663d84-09dd-44a4-a21c-5ca58601447d}</UniqueIdentifier>
    </Filter>
    <Filter Include="framework\managers\physicsMgr">
      <UniqueIdentifier>{93bfbd1e-3ba3-4bb4-a0b9-931259711b40}</UniqueIdentifier>
    </Filter>
    <Filter Include="game\gamestate">
      <UniqueIdentifier>{4f3f728e-07b2-4111-9beb-6f31fd4c88a6}</UniqueIdentifier>
    </Filter>
    <Filter Include="game\gamestate\states">
      <UniqueIdentifier>{8babb77a-d29a-471e-8a6f-7b40b303f24f}</UniqueIdentifier>
    </Filter>
    <Filter Include="game\gui">
      <UniqueIdentifier>{a1f8a7d5-2b18-49ee-a5d8-6c536307878d}</UniqueIdentifier>
    </Filter>
    <Filter Include="game\gui\guis">
      <UniqueIdentifier>{1deabfbd-a8f3-43ee-b234-ae8a418eaa73}</UniqueIdentifier>
    </Filter>
    <Filter Include="framework\managers\contentMgr">
      <UniqueIdentifier>{0f38bf69-0a5d-4fb9-9291-a3d99c3a7d6b}</UniqueIdentifier>
    </Filter>
    <Filter Include="game\networking">
      <UniqueIdentifier>{722ae73f-eb25-4cf9-9022-c5fc842bd79a}</UniqueIdentifier>
    </Filter>
    <Filter Include="framework\types">
      <UniqueIdentifier>{e1217a7a-96a6-4153-8a7b-99b32b2710ef}</UniqueIdentifier>
    </Filter>
    <Filter Include="framework\exceptions">
      <UniqueIdentifier>{2b2e95df-cd7f-4d19-a57d-f63e6b0766f0}</UniqueIdentifier>
    </Filter>
    <Filter Include="framework\managers\camera">
      <UniqueIdentifier>{bef148af-d683-4771-8642-8cef1d2f2ecc}</UniqueIdentifier>
    </Filter>
    <Filter Include="game\input">
      <UniqueIdentifier>{f5710324-4aba-4b76-a980-7688ea04799d}</UniqueIdentifier>
    </Filter>
    <Filter Include="game\characters">
      <UniqueIdentifier>{2735109a-6d9f-4f60-902a-9c7cf2159cb9}</UniqueIdentifier>
    </Filter>
    <Filter Include="framework\allegro\managers">
      <UniqueIdentifier>{bb6c65ec-9198-4ad8-bcc9-c20d961ff751}</UniqueIdentifier>
    </Filter>
  </ItemGroup>
  <ItemGroup>
    <ClInclude Include="Common.h" />
    <ClInclude Include="ComponentDetail.h">
      <Filter>framework\component</Filter>
    </ClInclude>
    <ClInclude Include="ComponentMask.h">
      <Filter>framework\component</Filter>
    </ClInclude>
    <ClInclude Include="ComponentBase.h">
      <Filter>framework\component\base</Filter>
    </ClInclude>
    <ClInclude Include="PhysicsComponent.h">
      <Filter>framework\component\derivations</Filter>
    </ClInclude>
    <ClInclude Include="DrawComponent.h">
      <Filter>framework\component\derivations</Filter>
    </ClInclude>
    <ClInclude Include="Entity.h">
      <Filter>framework\entity</Filter>
    </ClInclude>
    <ClInclude Include="InputMgr.h">
      <Filter>framework\managers\inputMgr</Filter>
    </ClInclude>
    <ClInclude Include="GFR_AL.h">
      <Filter>framework\allegro</Filter>
    </ClInclude>
    <ClInclude Include="Configuration.h">
      <Filter>framework\allegro</Filter>
    </ClInclude>
    <ClInclude Include="SystemBase.h">
      <Filter>framework\system\base</Filter>
    </ClInclude>
    <ClInclude Include="GUIBase.h">
      <Filter>game\gui</Filter>
    </ClInclude>
    <ClInclude Include="ControlSystem.h">
      <Filter>framework\system\derivations</Filter>
    </ClInclude>
    <ClInclude Include="MovementSystem.h">
      <Filter>framework\system\derivations</Filter>
    </ClInclude>
    <ClInclude Include="PhysicsMgr.h">
      <Filter>framework\managers\physicsMgr</Filter>
    </ClInclude>
    <ClInclude Include="MainMenuGUI.h">
      <Filter>game\gui\guis</Filter>
    </ClInclude>
    <ClInclude Include="OptionsGUI.h">
      <Filter>game\gui\guis</Filter>
    </ClInclude>
    <ClInclude Include="MainMenu.h">
      <Filter>game\gamestate\states</Filter>
    </ClInclude>
    <ClInclude Include="Options.h">
      <Filter>game\gamestate\states</Filter>
    </ClInclude>
    <ClInclude Include="NetPeer.h">
      <Filter>framework\networking</Filter>
    </ClInclude>
    <ClInclude Include="NetServer.h">
      <Filter>framework\networking</Filter>
    </ClInclude>
    <ClInclude Include="NetClient.h">
      <Filter>framework\networking</Filter>
    </ClInclude>
    <ClInclude Include="ClientLobby.h">
      <Filter>game\gamestate\states</Filter>
    </ClInclude>
    <ClInclude Include="ClientLobbyGUI.h">
      <Filter>game\gui\guis</Filter>
    </ClInclude>
    <ClInclude Include="ClientLobbySetup.h">
      <Filter>game\gamestate\states</Filter>
    </ClInclude>
    <ClInclude Include="ClientLobbySetupGUI.h">
      <Filter>game\gui\guis</Filter>
    </ClInclude>
    <ClInclude Include="NetworkEnums.h">
      <Filter>framework\networking</Filter>
    </ClInclude>
    <ClInclude Include="ServerLobbySetup.h">
      <Filter>game\gamestate\states</Filter>
    </ClInclude>
    <ClInclude Include="ServerLobby.h">
      <Filter>game\gamestate\states</Filter>
    </ClInclude>
    <ClInclude Include="ServerLobbyGUI.h">
      <Filter>game\gui\guis</Filter>
    </ClInclude>
    <ClInclude Include="ServerLobbySetupGUI.h">
      <Filter>game\gui\guis</Filter>
    </ClInclude>
    <ClInclude Include="State.h">
      <Filter>game\gamestate</Filter>
    </ClInclude>
    <ClInclude Include="StateTypes.h">
      <Filter>game\gamestate</Filter>
    </ClInclude>
    <ClInclude Include="StateManager.h">
      <Filter>game\gamestate</Filter>
    </ClInclude>
    <ClInclude Include="SystemBase.h">
      <Filter>framework\system\base</Filter>
    </ClInclude>
    <ClInclude Include="ControlSystem.h">
      <Filter>framework\system\derivations</Filter>
    </ClInclude>
    <ClInclude Include="MovementSystem.h">
      <Filter>framework\system\derivations</Filter>
    </ClInclude>
    <ClInclude Include="ContentMgr.h">
      <Filter>framework\managers\contentMgr</Filter>
    </ClInclude>
    <ClInclude Include="C_LobbyHandler.h">
      <Filter>game\networking</Filter>
    </ClInclude>
    <ClInclude Include="Sound.h">
      <Filter>framework\types</Filter>
    </ClInclude>
    <ClInclude Include="ConnectionsHandler.h">
      <Filter>game\networking</Filter>
    </ClInclude>
    <ClInclude Include="Texture.h">
      <Filter>framework\types</Filter>
    </ClInclude>
    <ClInclude Include="Connection.h">
      <Filter>framework\networking</Filter>
    </ClInclude>
    <ClInclude Include="ContentLoadException.h">
      <Filter>framework\exceptions</Filter>
    </ClInclude>
    <ClInclude Include="PacketHandler.h">
      <Filter>framework\networking</Filter>
    </ClInclude>
    <ClInclude Include="ContentUnloadException.h">
      <Filter>framework\exceptions</Filter>
    </ClInclude>
    <ClInclude Include="Camera.h">
      <Filter>framework\managers\camera</Filter>
    </ClInclude>
    <ClInclude Include="PlayableCharacter.h">
      <Filter>game\characters</Filter>
    </ClInclude>
    <ClInclude Include="Runner.h">
      <Filter>game\characters</Filter>
    </ClInclude>
    <ClInclude Include="RunnerController.h">
      <Filter>game\input</Filter>
    </ClInclude>
    <ClInclude Include="Gameplay.h">
      <Filter>game\gamestate\states</Filter>
    </ClInclude>
    <ClInclude Include="GFRAL_ContentMgr.h">
      <Filter>framework\allegro\managers</Filter>
    </ClInclude>
    <ClInclude Include="GFRAL_InputMgr.h">
      <Filter>framework\allegro\managers</Filter>
    </ClInclude>
  </ItemGroup>
  <ItemGroup>
    <ClCompile Include="gfr_main.cpp" />
    <ClCompile Include="ComponentBase.cpp">
      <Filter>framework\component\base</Filter>
    </ClCompile>
    <ClCompile Include="Entity.cpp">
      <Filter>framework\entity</Filter>
    </ClCompile>
    <ClCompile Include="InputMgr.cpp">
      <Filter>framework\managers\inputMgr</Filter>
    </ClCompile>
    <ClCompile Include="GFR_AL.cpp">
      <Filter>framework\allegro</Filter>
    </ClCompile>
    <ClCompile Include="Configuration.cpp">
      <Filter>framework\allegro</Filter>
    </ClCompile>
    <ClCompile Include="SystemBase.cpp">
      <Filter>framework\system\base</Filter>
    </ClCompile>
    <ClCompile Include="GUIBase.cpp">
      <Filter>game\gui</Filter>
    </ClCompile>
    <ClCompile Include="ControlSystem.cpp">
      <Filter>framework\system\derivations</Filter>
    </ClCompile>
    <ClCompile Include="MovementSystem.cpp">
      <Filter>framework\system\derivations</Filter>
    </ClCompile>
    <ClCompile Include="PhysicsComponent.cpp">
      <Filter>framework\component\derivations</Filter>
    </ClCompile>
    <ClCompile Include="MainMenuGUI.cpp">
      <Filter>game\gui\guis</Filter>
    </ClCompile>
    <ClCompile Include="PhysicsMgr.cpp">
      <Filter>framework\managers\physicsMgr</Filter>
    </ClCompile>
    <ClCompile Include="OptionsGUI.cpp">
      <Filter>game\gui\guis</Filter>
    </ClCompile>
    <ClCompile Include="MainMenu.cpp">
      <Filter>game\gamestate\states</Filter>
    </ClCompile>
    <ClCompile Include="Options.cpp">
      <Filter>game\gamestate\states</Filter>
    </ClCompile>
    <ClCompile Include="NetPeer.cpp">
      <Filter>framework\networking</Filter>
    </ClCompile>
    <ClCompile Include="NetServer.cpp">
      <Filter>framework\networking</Filter>
    </ClCompile>
    <ClCompile Include="NetClient.cpp">
      <Filter>framework\networking</Filter>
    </ClCompile>
    <ClCompile Include="ClientLobby.cpp">
      <Filter>game\gamestate\states</Filter>
    </ClCompile>
    <ClCompile Include="ClientLobbyGUI.cpp">
      <Filter>game\gui\guis</Filter>
    </ClCompile>
    <ClCompile Include="ClientLobbySetup.cpp">
      <Filter>game\gamestate\states</Filter>
    </ClCompile>
    <ClCompile Include="ClientLobbySetupGUI.cpp">
      <Filter>game\gui\guis</Filter>
    </ClCompile>
    <ClCompile Include="ServerLobby.cpp">
      <Filter>game\gamestate\states</Filter>
    </ClCompile>
    <ClCompile Include="ServerLobbySetup.cpp">
      <Filter>game\gamestate\states</Filter>
    </ClCompile>
    <ClCompile Include="ServerLobbyGUI.cpp">
      <Filter>game\gui\guis</Filter>
    </ClCompile>
    <ClCompile Include="ServerLobbySetupGUI.cpp">
      <Filter>game\gui\guis</Filter>
    </ClCompile>
    <ClCompile Include="State.cpp">
      <Filter>game\gamestate</Filter>
    </ClCompile>
    <ClCompile Include="StateManager.cpp">
      <Filter>game\gamestate</Filter>
    </ClCompile>
    <ClCompile Include="SystemBase.cpp">
      <Filter>framework\system\base</Filter>
    </ClCompile>
    <ClCompile Include="ControlSystem.cpp">
      <Filter>framework\system\derivations</Filter>
    </ClCompile>
    <ClCompile Include="MovementSystem.cpp">
      <Filter>framework\system\derivations</Filter>
    </ClCompile>
    <ClCompile Include="ContentMgr.cpp">
      <Filter>framework\managers\contentMgr</Filter>
    </ClCompile>
    <ClCompile Include="C_LobbyHandler.cpp">
      <Filter>game\networking</Filter>
    </ClCompile>
    <ClCompile Include="Sound.cpp">
      <Filter>framework\types</Filter>
    </ClCompile>
    <ClCompile Include="Texture.cpp">
      <Filter>framework\types</Filter>
    </ClCompile>
    <ClCompile Include="PacketHandler.cpp">
      <Filter>framework\networking</Filter>
    </ClCompile>
    <ClCompile Include="DrawComponent.cpp">
      <Filter>framework\component\derivations</Filter>
    </ClCompile>
    <ClCompile Include="Camera.cpp">
      <Filter>framework\managers\camera</Filter>
    </ClCompile>
    <ClCompile Include="Runner.cpp">
      <Filter>game\characters</Filter>
    </ClCompile>
    <ClCompile Include="Gameplay.cpp">
      <Filter>game\gamestate\states</Filter>
    </ClCompile>
    <ClCompile Include="RunnerController.cpp">
      <Filter>game\input</Filter>
    </ClCompile>
    <ClCompile Include="GFRAL_ContentMgr.cpp">
      <Filter>framework\allegro\managers</Filter>
    </ClCompile>
    <ClCompile Include="GFRAL_InputMgr.cpp">
      <Filter>framework\allegro\managers</Filter>
    </ClCompile>
  </ItemGroup>
  <ItemGroup>
    <ResourceCompile Include="gfr_icon.rc" />
  </ItemGroup>
  <ItemGroup>
    <Image Include="gfr_icon.ico" />
  </ItemGroup>
</Project>